
Microsoft Visual Studio Solution File, Format Version 12.00
# Visual Studio Version 17
VisualStudioVersion = 17.11.35208.52
MinimumVisualStudioVersion = 10.0.40219.1
Project("{888888A0-9F3D-457C-B088-3A5042F75D52}") = "LAB4", "LAB4\LAB4.pyproj", "{E366B5EF-D54E-4FCB-8EEF-D6CD9940F8EC}"
EndProject
Global
	GlobalSection(SolutionConfigurationPlatforms) = preSolution
		Debug|Any CPU = Debug|Any CPU
		Release|Any CPU = Release|Any CPU
	EndGlobalSection
	GlobalSection(ProjectConfigurationPlatforms) = postSolution
		{E366B5EF-D54E-4FCB-8EEF-D6CD9940F8EC}.Debug|Any CPU.ActiveCfg = Debug|Any CPU
		{E366B5EF-D54E-4FCB-8EEF-D6CD9940F8EC}.Release|Any CPU.ActiveCfg = Release|Any CPU
	EndGlobalSection
	GlobalSection(SolutionProperties) = preSolution
		HideSolutionNode = FALSE
	EndGlobalSection
	GlobalSection(ExtensibilityGlobals) = postSolution
		SolutionGuid = {91F30CD1-4E64-43DD-BC00-AF07B97AB54B}
	EndGlobalSection
EndGlobal
